<?xml version="1.0" encoding="utf-8"?>
<Project ToolsVersion="4.0" xmlns="http://schemas.microsoft.com/developer/msbuild/2003">
  <ItemGroup>
    <Filter Include="Juego">
      <UniqueIdentifier>{7b70070b-c5ff-46a4-928c-d94574739bf7}</UniqueIdentifier>
    </Filter>
  </ItemGroup>
  <ItemGroup>
    <ClCompile Include="Juego.cpp">
      <Filter>Juego</Filter>
    </ClCompile>
    <ClCompile Include="main.cpp">
      <Filter>Juego</Filter>
    </ClCompile>
    <ClCompile Include="Screen.cpp">
      <Filter>Juego</Filter>
    </ClCompile>
    <ClCompile Include="character.cpp">
      <Filter>Juego</Filter>
    </ClCompile>
  </ItemGroup>
  <ItemGroup>
    <ClInclude Include="Juego.h">
      <Filter>Juego</Filter>
    </ClInclude>
    <ClInclude Include="Screen.h">
      <Filter>Juego</Filter>
    </ClInclude>
    <ClInclude Include="character.h">
      <Filter>Juego</Filter>
    </ClInclude>
    <ClInclude Include="protagonista.h">
      <Filter>Juego</Filter>
    </ClInclude>
  </ItemGroup>
</Project>