
Microsoft Visual Studio Solution File, Format Version 12.00
# Visual Studio 15
VisualStudioVersion = 15.0.27428.2002
MinimumVisualStudioVersion = 10.0.40219.1
Project("{8BC9CEB8-8B4A-11D0-8D11-00A0C91BC942}") = "Template-SFML", "Template-SFML\Template-SFML.vcxproj", "{DB30EA69-751E-4C12-B96B-26B42EF0BF8D}"
EndProject
Global
	GlobalSection(SolutionConfigurationPlatforms) = preSolution
		Debug|x64 = Debug|x64
		Debug|x86 = Debug|x86
		Release|x64 = Release|x64
		Release|x86 = Release|x86
	EndGlobalSection
	GlobalSection(ProjectConfigurationPlatforms) = postSolution
		{DB30EA69-751E-4C12-B96B-26B42EF0BF8D}.Debug|x64.ActiveCfg = Debug|x64
		{DB30EA69-751E-4C12-B96B-26B42EF0BF8D}.Debug|x64.Build.0 = Debug|x64
		{DB30EA69-751E-4C12-B96B-26B42EF0BF8D}.Debug|x86.ActiveCfg = Debug|Win32
		{DB30EA69-751E-4C12-B96B-26B42EF0BF8D}.Debug|x86.Build.0 = Debug|Win32
		{DB30EA69-751E-4C12-B96B-26B42EF0BF8D}.Release|x64.ActiveCfg = Release|x64
		{DB30EA69-751E-4C12-B96B-26B42EF0BF8D}.Release|x64.Build.0 = Release|x64
		{DB30EA69-751E-4C12-B96B-26B42EF0BF8D}.Release|x86.ActiveCfg = Release|Win32
		{DB30EA69-751E-4C12-B96B-26B42EF0BF8D}.Release|x86.Build.0 = Release|Win32
	EndGlobalSection
	GlobalSection(SolutionProperties) = preSolution
		HideSolutionNode = FALSE
	EndGlobalSection
	GlobalSection(ExtensibilityGlobals) = postSolution
		SolutionGuid = {4AE4FA11-12DE-46AC-B944-F433B46B26BD}
	EndGlobalSection
EndGlobal
